
Microsoft Visual Studio Solution File, Format Version 12.00
# Visual Studio Version 16
VisualStudioVersion = 16.0.31205.134
MinimumVisualStudioVersion = 10.0.40219.1
Project("{FAE04EC0-301F-11D3-BF4B-00C04F79EFBC}") = "Bai 3", "Bai 3\Bai 3.csproj", "{BDC2C920-30B1-4CF4-8A1B-B623F0AB0A1E}"
EndProject
Global
	GlobalSection(SolutionConfigurationPlatforms) = preSolution
		Debug|Any CPU = Debug|Any CPU
		Release|Any CPU = Release|Any CPU
	EndGlobalSection
	GlobalSection(ProjectConfigurationPlatforms) = postSolution
		{BDC2C920-30B1-4CF4-8A1B-B623F0AB0A1E}.Debug|Any CPU.ActiveCfg = Debug|Any CPU
		{BDC2C920-30B1-4CF4-8A1B-B623F0AB0A1E}.Debug|Any CPU.Build.0 = Debug|Any CPU
		{BDC2C920-30B1-4CF4-8A1B-B623F0AB0A1E}.Release|Any CPU.ActiveCfg = Release|Any CPU
		{BDC2C920-30B1-4CF4-8A1B-B623F0AB0A1E}.Release|Any CPU.Build.0 = Release|Any CPU
	EndGlobalSection
	GlobalSection(SolutionProperties) = preSolution
		HideSolutionNode = FALSE
	EndGlobalSection
	GlobalSection(ExtensibilityGlobals) = postSolution
		SolutionGuid = {A64B236C-7319-4254-92CA-76FDA77DA4F9}
	EndGlobalSection
EndGlobal
